// !$*UTF8*$!
{
	archiveVersion = 1;
	classes = {
	};
	objectVersion = 48;
	objects = {

/* Begin PBXBuildFile section */
		09A090B31F68750C003D61DF /* AppDelegate.swift in Sources */ = {isa = PBXBuildFile; fileRef = 09A090B21F68750C003D61DF /* AppDelegate.swift */; };
		09A090B51F68750C003D61DF /* ViewController.swift in Sources */ = {isa = PBXBuildFile; fileRef = 09A090B41F68750C003D61DF /* ViewController.swift */; };
		09A090B81F68750C003D61DF /* Main.storyboard in Resources */ = {isa = PBXBuildFile; fileRef = 09A090B61F68750C003D61DF /* Main.storyboard */; };
		09A090BA1F68750C003D61DF /* Assets.xcassets in Resources */ = {isa = PBXBuildFile; fileRef = 09A090B91F68750C003D61DF /* Assets.xcassets */; };
		09A090BD1F68750C003D61DF /* LaunchScreen.storyboard in Resources */ = {isa = PBXBuildFile; fileRef = 09A090BB1F68750C003D61DF /* LaunchScreen.storyboard */; };
		09A090C81F68750C003D61DF /* NavigationSegueTests.swift in Sources */ = {isa = PBXBuildFile; fileRef = 09A090C71F68750C003D61DF /* NavigationSegueTests.swift */; };
		09A090D31F68750C003D61DF /* NavigationSegueUITests.swift in Sources */ = {isa = PBXBuildFile; fileRef = 09A090D21F68750C003D61DF /* NavigationSegueUITests.swift */; };
		09A090E11F6895F8003D61DF /* OtherViewController.swift in Sources */ = {isa = PBXBuildFile; fileRef = 09A090E01F6895F8003D61DF /* OtherViewController.swift */; };
/* End PBXBuildFile section */

/* Begin PBXContainerItemProxy section */
		09A090C41F68750C003D61DF /* PBXContainerItemProxy */ = {
			isa = PBXContainerItemProxy;
			containerPortal = 09A090A71F68750C003D61DF /* Project object */;
			proxyType = 1;
			remoteGlobalIDString = 09A090AE1F68750C003D61DF;
			remoteInfo = NavigationSegue;
		};
		09A090CF1F68750C003D61DF /* PBXContainerItemProxy */ = {
			isa = PBXContainerItemProxy;
			containerPortal = 09A090A71F68750C003D61DF /* Project object */;
			proxyType = 1;
			remoteGlobalIDString = 09A090AE1F68750C003D61DF;
			remoteInfo = NavigationSegue;
		};
/* End PBXContainerItemProxy section */

/* Begin PBXFileReference section */
		09A090AF1F68750C003D61DF /* NavigationSegue.app */ = {isa = PBXFileReference; explicitFileType = wrapper.application; includeInIndex = 0; path = NavigationSegue.app; sourceTree = BUILT_PRODUCTS_DIR; };
		09A090B21F68750C003D61DF /* AppDelegate.swift */ = {isa = PBXFileReference; lastKnownFileType = sourcecode.swift; path = AppDelegate.swift; sourceTree = "<group>"; };
		09A090B41F68750C003D61DF /* ViewController.swift */ = {isa = PBXFileReference; lastKnownFileType = sourcecode.swift; path = ViewController.swift; sourceTree = "<group>"; };
		09A090B71F68750C003D61DF /* Base */ = {isa = PBXFileReference; lastKnownFileType = file.storyboard; name = Base; path = Base.lproj/Main.storyboard; sourceTree = "<group>"; };
		09A090B91F68750C003D61DF /* Assets.xcassets */ = {isa = PBXFileReference; lastKnownFileType = folder.assetcatalog; path = Assets.xcassets; sourceTree = "<group>"; };
		09A090BC1F68750C003D61DF /* Base */ = {isa = PBXFileReference; lastKnownFileType = file.storyboard; name = Base; path = Base.lproj/LaunchScreen.storyboard; sourceTree = "<group>"; };
		09A090BE1F68750C003D61DF /* Info.plist */ = {isa = PBXFileReference; lastKnownFileType = text.plist.xml; path = Info.plist; sourceTree = "<group>"; };
		09A090C31F68750C003D61DF /* NavigationSegueTests.xctest */ = {isa = PBXFileReference; explicitFileType = wrapper.cfbundle; includeInIndex = 0; path = NavigationSegueTests.xctest; sourceTree = BUILT_PRODUCTS_DIR; };
		09A090C71F68750C003D61DF /* NavigationSegueTests.swift */ = {isa = PBXFileReference; lastKnownFileType = sourcecode.swift; path = NavigationSegueTests.swift; sourceTree = "<group>"; };
		09A090C91F68750C003D61DF /* Info.plist */ = {isa = PBXFileReference; lastKnownFileType = text.plist.xml; path = Info.plist; sourceTree = "<group>"; };
		09A090CE1F68750C003D61DF /* NavigationSegueUITests.xctest */ = {isa = PBXFileReference; explicitFileType = wrapper.cfbundle; includeInIndex = 0; path = NavigationSegueUITests.xctest; sourceTree = BUILT_PRODUCTS_DIR; };
		09A090D21F68750C003D61DF /* NavigationSegueUITests.swift */ = {isa = PBXFileReference; lastKnownFileType = sourcecode.swift; path = NavigationSegueUITests.swift; sourceTree = "<group>"; };
		09A090D41F68750C003D61DF /* Info.plist */ = {isa = PBXFileReference; lastKnownFileType = text.plist.xml; path = Info.plist; sourceTree = "<group>"; };
		09A090E01F6895F8003D61DF /* OtherViewController.swift */ = {isa = PBXFileReference; lastKnownFileType = sourcecode.swift; path = OtherViewController.swift; sourceTree = "<group>"; };
/* End PBXFileReference section */

/* Begin PBXFrameworksBuildPhase section */
		09A090AC1F68750C003D61DF /* Frameworks */ = {
			isa = PBXFrameworksBuildPhase;
			buildActionMask = 2147483647;
			files = (
			);
			runOnlyForDeploymentPostprocessing = 0;
		};
		09A090C01F68750C003D61DF /* Frameworks */ = {
			isa = PBXFrameworksBuildPhase;
			buildActionMask = 2147483647;
			files = (
			);
			runOnlyForDeploymentPostprocessing = 0;
		};
		09A090CB1F68750C003D61DF /* Frameworks */ = {
			isa = PBXFrameworksBuildPhase;
			buildActionMask = 2147483647;
			files = (
			);
			runOnlyForDeploymentPostprocessing = 0;
		};
/* End PBXFrameworksBuildPhase section */

/* Begin PBXGroup section */
		09A090A61F68750C003D61DF = {
			isa = PBXGroup;
			children = (
				09A090B11F68750C003D61DF /* NavigationSegue */,
				09A090C61F68750C003D61DF /* NavigationSegueTests */,
				09A090D11F68750C003D61DF /* NavigationSegueUITests */,
				09A090B01F68750C003D61DF /* Products */,
			);
			sourceTree = "<group>";
		};
		09A090B01F68750C003D61DF /* Products */ = {
			isa = PBXGroup;
			children = (
				09A090AF1F68750C003D61DF /* NavigationSegue.app */,
				09A090C31F68750C003D61DF /* NavigationSegueTests.xctest */,
				09A090CE1F68750C003D61DF /* NavigationSegueUITests.xctest */,
			);
			name = Products;
			sourceTree = "<group>";
		};
		09A090B11F68750C003D61DF /* NavigationSegue */ = {
			isa = PBXGroup;
			children = (
				09A090B21F68750C003D61DF /* AppDelegate.swift */,
				09A090B41F68750C003D61DF /* ViewController.swift */,
				09A090E01F6895F8003D61DF /* OtherViewController.swift */,
				09A090B61F68750C003D61DF /* Main.storyboard */,
				09A090B91F68750C003D61DF /* Assets.xcassets */,
				09A090BB1F68750C003D61DF /* LaunchScreen.storyboard */,
				09A090BE1F68750C003D61DF /* Info.plist */,
			);
			path = NavigationSegue;
			sourceTree = "<group>";
		};
		09A090C61F68750C003D61DF /* NavigationSegueTests */ = {
			isa = PBXGroup;
			children = (
				09A090C71F68750C003D61DF /* NavigationSegueTests.swift */,
				09A090C91F68750C003D61DF /* Info.plist */,
			);
			path = NavigationSegueTests;
			sourceTree = "<group>";
		};
		09A090D11F68750C003D61DF /* NavigationSegueUITests */ = {
			isa = PBXGroup;
			children = (
				09A090D21F68750C003D61DF /* NavigationSegueUITests.swift */,
				09A090D41F68750C003D61DF /* Info.plist */,
			);
			path = NavigationSegueUITests;
			sourceTree = "<group>";
		};
/* End PBXGroup section */

/* Begin PBXNativeTarget section */
		09A090AE1F68750C003D61DF /* NavigationSegue */ = {
			isa = PBXNativeTarget;
			buildConfigurationList = 09A090D71F68750C003D61DF /* Build configuration list for PBXNativeTarget "NavigationSegue" */;
			buildPhases = (
				09A090AB1F68750C003D61DF /* Sources */,
				09A090AC1F68750C003D61DF /* Frameworks */,
				09A090AD1F68750C003D61DF /* Resources */,
			);
			buildRules = (
			);
			dependencies = (
			);
			name = NavigationSegue;
			productName = NavigationSegue;
			productReference = 09A090AF1F68750C003D61DF /* NavigationSegue.app */;
			productType = "com.apple.product-type.application";
		};
		09A090C21F68750C003D61DF /* NavigationSegueTests */ = {
			isa = PBXNativeTarget;
			buildConfigurationList = 09A090DA1F68750C003D61DF /* Build configuration list for PBXNativeTarget "NavigationSegueTests" */;
			buildPhases = (
				09A090BF1F68750C003D61DF /* Sources */,
				09A090C01F68750C003D61DF /* Frameworks */,
				09A090C11F68750C003D61DF /* Resources */,
			);
			buildRules = (
			);
			dependencies = (
				09A090C51F68750C003D61DF /* PBXTargetDependency */,
			);
			name = NavigationSegueTests;
			productName = NavigationSegueTests;
			productReference = 09A090C31F68750C003D61DF /* NavigationSegueTests.xctest */;
			productType = "com.apple.product-type.bundle.unit-test";
		};
		09A090CD1F68750C003D61DF /* NavigationSegueUITests */ = {
			isa = PBXNativeTarget;
			buildConfigurationList = 09A090DD1F68750C003D61DF /* Build configuration list for PBXNativeTarget "NavigationSegueUITests" */;
			buildPhases = (
				09A090CA1F68750C003D61DF /* Sources */,
				09A090CB1F68750C003D61DF /* Frameworks */,
				09A090CC1F68750C003D61DF /* Resources */,
			);
			buildRules = (
			);
			dependencies = (
				09A090D01F68750C003D61DF /* PBXTargetDependency */,
			);
			name = NavigationSegueUITests;
			productName = NavigationSegueUITests;
			productReference = 09A090CE1F68750C003D61DF /* NavigationSegueUITests.xctest */;
			productType = "com.apple.product-type.bundle.ui-testing";
		};
/* End PBXNativeTarget section */

/* Begin PBXProject section */
		09A090A71F68750C003D61DF /* Project object */ = {
			isa = PBXProject;
			attributes = {
				LastSwiftUpdateCheck = 0900;
				LastUpgradeCheck = 0900;
				ORGANIZATIONNAME = "Olivier Butler";
				TargetAttributes = {
					09A090AE1F68750C003D61DF = {
						CreatedOnToolsVersion = 9.0;
						ProvisioningStyle = Automatic;
					};
					09A090C21F68750C003D61DF = {
						CreatedOnToolsVersion = 9.0;
						ProvisioningStyle = Automatic;
						TestTargetID = 09A090AE1F68750C003D61DF;
					};
					09A090CD1F68750C003D61DF = {
						CreatedOnToolsVersion = 9.0;
						ProvisioningStyle = Automatic;
						TestTargetID = 09A090AE1F68750C003D61DF;
					};
				};
			};
			buildConfigurationList = 09A090AA1F68750C003D61DF /* Build configuration list for PBXProject "NavigationSegue" */;
			compatibilityVersion = "Xcode 8.0";
			developmentRegion = en;
			hasScannedForEncodings = 0;
			knownRegions = (
				en,
				Base,
			);
			mainGroup = 09A090A61F68750C003D61DF;
			productRefGroup = 09A090B01F68750C003D61DF /* Products */;
			projectDirPath = "";
			projectRoot = "";
			targets = (
				09A090AE1F68750C003D61DF /* NavigationSegue */,
				09A090C21F68750C003D61DF /* NavigationSegueTests */,
				09A090CD1F68750C003D61DF /* NavigationSegueUITests */,
			);
		};
/* End PBXProject section */

/* Begin PBXResourcesBuildPhase section */
		09A090AD1F68750C003D61DF /* Resources */ = {
			isa = PBXResourcesBuildPhase;
			buildActionMask = 2147483647;
			files = (
				09A090BD1F68750C003D61DF /* LaunchScreen.storyboard in Resources */,
				09A090BA1F68750C003D61DF /* Assets.xcassets in Resources */,
				09A090B81F68750C003D61DF /* Main.storyboard in Resources */,
			);
			runOnlyForDeploymentPostprocessing = 0;
		};
		09A090C11F68750C003D61DF /* Resources */ = {
			isa = PBXResourcesBuildPhase;
			buildActionMask = 2147483647;
			files = (
			);
			runOnlyForDeploymentPostprocessing = 0;
		};
		09A090CC1F68750C003D61DF /* Resources */ = {
			isa = PBXResourcesBuildPhase;
			buildActionMask = 2147483647;
			files = (
			);
			runOnlyForDeploymentPostprocessing = 0;
		};
/* End PBXResourcesBuildPhase section */

/* Begin PBXSourcesBuildPhase section */
		09A090AB1F68750C003D61DF /* Sources */ = {
			isa = PBXSourcesBuildPhase;
			buildActionMask = 2147483647;
			files = (
				09A090B51F68750C003D61DF /* ViewController.swift in Sources */,
				09A090E11F6895F8003D61DF /* OtherViewController.swift in Sources */,
				09A090B31F68750C003D61DF /* AppDelegate.swift in Sources */,
			);
			runOnlyForDeploymentPostprocessing = 0;
		};
		09A090BF1F68750C003D61DF /* Sources */ = {
			isa = PBXSourcesBuildPhase;
			buildActionMask = 2147483647;
			files = (
				09A090C81F68750C003D61DF /* NavigationSegueTests.swift in Sources */,
			);
			runOnlyForDeploymentPostprocessing = 0;
		};
		09A090CA1F68750C003D61DF /* Sources */ = {
			isa = PBXSourcesBuildPhase;
			buildActionMask = 2147483647;
			files = (
				09A090D31F68750C003D61DF /* NavigationSegueUITests.swift in Sources */,
			);
			runOnlyForDeploymentPostprocessing = 0;
		};
/* End PBXSourcesBuildPhase section */

/* Begin PBXTargetDependency section */
		09A090C51F68750C003D61DF /* PBXTargetDependency */ = {
			isa = PBXTargetDependency;
			target = 09A090AE1F68750C003D61DF /* NavigationSegue */;
			targetProxy = 09A090C41F68750C003D61DF /* PBXContainerItemProxy */;
		};
		09A090D01F68750C003D61DF /* PBXTargetDependency */ = {
			isa = PBXTargetDependency;
			target = 09A090AE1F68750C003D61DF /* NavigationSegue */;
			targetProxy = 09A090CF1F68750C003D61DF /* PBXContainerItemProxy */;
		};
/* End PBXTargetDependency section */

/* Begin PBXVariantGroup section */
		09A090B61F68750C003D61DF /* Main.storyboard */ = {
			isa = PBXVariantGroup;
			children = (
				09A090B71F68750C003D61DF /* Base */,
			);
			name = Main.storyboard;
			sourceTree = "<group>";
		};
		09A090BB1F68750C003D61DF /* LaunchScreen.storyboard */ = {
			isa = PBXVariantGroup;
			children = (
				09A090BC1F68750C003D61DF /* Base */,
			);
			name = LaunchScreen.storyboard;
			sourceTree = "<group>";
		};
/* End PBXVariantGroup section */

/* Begin XCBuildConfiguration section */
		09A090D51F68750C003D61DF /* Debug */ = {
			isa = XCBuildConfiguration;
			buildSettings = {
				ALWAYS_SEARCH_USER_PATHS = NO;
				CLANG_ANALYZER_NONNULL = YES;
				CLANG_ANALYZER_NUMBER_OBJECT_CONVERSION = YES_AGGRESSIVE;
				CLANG_CXX_LANGUAGE_STANDARD = "gnu++14";
				CLANG_CXX_LIBRARY = "libc++";
				CLANG_ENABLE_MODULES = YES;
				CLANG_ENABLE_OBJC_ARC = YES;
				CLANG_WARN_BLOCK_CAPTURE_AUTORELEASING = YES;
				CLANG_WARN_BOOL_CONVERSION = YES;
				CLANG_WARN_COMMA = YES;
				CLANG_WARN_CONSTANT_CONVERSION = YES;
				CLANG_WARN_DIRECT_OBJC_ISA_USAGE = YES_ERROR;
				CLANG_WARN_DOCUMENTATION_COMMENTS = YES;
				CLANG_WARN_EMPTY_BODY = YES;
				CLANG_WARN_ENUM_CONVERSION = YES;
				CLANG_WARN_INFINITE_RECURSION = YES;
				CLANG_WARN_INT_CONVERSION = YES;
				CLANG_WARN_NON_LITERAL_NULL_CONVERSION = YES;
				CLANG_WARN_OBJC_LITERAL_CONVERSION = YES;
				CLANG_WARN_OBJC_ROOT_CLASS = YES_ERROR;
				CLANG_WARN_RANGE_LOOP_ANALYSIS = YES;
				CLANG_WARN_STRICT_PROTOTYPES = YES;
				CLANG_WARN_SUSPICIOUS_MOVE = YES;
				CLANG_WARN_UNGUARDED_AVAILABILITY = YES_AGGRESSIVE;
				CLANG_WARN_UNREACHABLE_CODE = YES;
				CLANG_WARN__DUPLICATE_METHOD_MATCH = YES;
				CODE_SIGN_IDENTITY = "iPhone Developer";
				COPY_PHASE_STRIP = NO;
				DEBUG_INFORMATION_FORMAT = dwarf;
				ENABLE_STRICT_OBJC_MSGSEND = YES;
				ENABLE_TESTABILITY = YES;
				GCC_C_LANGUAGE_STANDARD = gnu11;
				GCC_DYNAMIC_NO_PIC = NO;
				GCC_NO_COMMON_BLOCKS = YES;
				GCC_OPTIMIZATION_LEVEL = 0;
				GCC_PREPROCESSOR_DEFINITIONS = (
					"DEBUG=1",
					"$(inherited)",
				);
				GCC_WARN_64_TO_32_BIT_CONVERSION = YES;
				GCC_WARN_ABOUT_RETURN_TYPE = YES_ERROR;
				GCC_WARN_UNDECLARED_SELECTOR = YES;
				GCC_WARN_UNINITIALIZED_AUTOS = YES_AGGRESSIVE;
				GCC_WARN_UNUSED_FUNCTION = YES;
				GCC_WARN_UNUSED_VARIABLE = YES;
				IPHONEOS_DEPLOYMENT_TARGET = 11.0;
				MTL_ENABLE_DEBUG_INFO = YES;
				ONLY_ACTIVE_ARCH = YES;
				SDKROOT = iphoneos;
				SWIFT_ACTIVE_COMPILATION_CONDITIONS = DEBUG;
				SWIFT_OPTIMIZATION_LEVEL = "-Onone";
			};
			name = Debug;
		};
		09A090D61F68750C003D61DF /* Release */ = {
			isa = XCBuildConfiguration;
			buildSettings = {
				ALWAYS_SEARCH_USER_PATHS = NO;
				CLANG_ANALYZER_NONNULL = YES;
				CLANG_ANALYZER_NUMBER_OBJECT_CONVERSION = YES_AGGRESSIVE;
				CLANG_CXX_LANGUAGE_STANDARD = "gnu++14";
				CLANG_CXX_LIBRARY = "libc++";
				CLANG_ENABLE_MODULES = YES;
				CLANG_ENABLE_OBJC_ARC = YES;
				CLANG_WARN_BLOCK_CAPTURE_AUTORELEASING = YES;
				CLANG_WARN_BOOL_CONVERSION = YES;
				CLANG_WARN_COMMA = YES;
				CLANG_WARN_CONSTANT_CONVERSION = YES;
				CLANG_WARN_DIRECT_OBJC_ISA_USAGE = YES_ERROR;
				CLANG_WARN_DOCUMENTATION_COMMENTS = YES;
				CLANG_WARN_EMPTY_BODY = YES;
				CLANG_WARN_ENUM_CONVERSION = YES;
				CLANG_WARN_INFINITE_RECURSION = YES;
				CLANG_WARN_INT_CONVERSION = YES;
				CLANG_WARN_NON_LITERAL_NULL_CONVERSION = YES;
				CLANG_WARN_OBJC_LITERAL_CONVERSION = YES;
				CLANG_WARN_OBJC_ROOT_CLASS = YES_ERROR;
				CLANG_WARN_RANGE_LOOP_ANALYSIS = YES;
				CLANG_WARN_STRICT_PROTOTYPES = YES;
				CLANG_WARN_SUSPICIOUS_MOVE = YES;
				CLANG_WARN_UNGUARDED_AVAILABILITY = YES_AGGRESSIVE;
				CLANG_WARN_UNREACHABLE_CODE = YES;
				CLANG_WARN__DUPLICATE_METHOD_MATCH = YES;
				CODE_SIGN_IDENTITY = "iPhone Developer";
				COPY_PHASE_STRIP = NO;
				DEBUG_INFORMATION_FORMAT = "dwarf-with-dsym";
				ENABLE_NS_ASSERTIONS = NO;
				ENABLE_STRICT_OBJC_MSGSEND = YES;
				GCC_C_LANGUAGE_STANDARD = gnu11;
				GCC_NO_COMMON_BLOCKS = YES;
				GCC_WARN_64_TO_32_BIT_CONVERSION = YES;
				GCC_WARN_ABOUT_RETURN_TYPE = YES_ERROR;
				GCC_WARN_UNDECLARED_SELECTOR = YES;
				GCC_WARN_UNINITIALIZED_AUTOS = YES_AGGRESSIVE;
				GCC_WARN_UNUSED_FUNCTION = YES;
				GCC_WARN_UNUSED_VARIABLE = YES;
				IPHONEOS_DEPLOYMENT_TARGET = 11.0;
				MTL_ENABLE_DEBUG_INFO = NO;
				SDKROOT = iphoneos;
				SWIFT_OPTIMIZATION_LEVEL = "-Owholemodule";
				VALIDATE_PRODUCT = YES;
			};
			name = Release;
		};
		09A090D81F68750C003D61DF /* Debug */ = {
			isa = XCBuildConfiguration;
			buildSettings = {
				ASSETCATALOG_COMPILER_APPICON_NAME = AppIcon;
				CODE_SIGN_STYLE = Automatic;
				DEVELOPMENT_TEAM = CNHB9B5GX6;
				INFOPLIST_FILE = NavigationSegue/Info.plist;
				LD_RUNPATH_SEARCH_PATHS = "$(inherited) @executable_path/Frameworks";
				PRODUCT_BUNDLE_IDENTIFIER = oliviertests.NavigationSegue;
				PRODUCT_NAME = "$(TARGET_NAME)";
				SWIFT_VERSION = 4.0;
				TARGETED_DEVICE_FAMILY = "1,2";
			};
			name = Debug;
		};
		09A090D91F68750C003D61DF /* Release */ = {
			isa = XCBuildConfiguration;
			buildSettings = {
				ASSETCATALOG_COMPILER_APPICON_NAME = AppIcon;
				CODE_SIGN_STYLE = Automatic;
				DEVELOPMENT_TEAM = CNHB9B5GX6;
				INFOPLIST_FILE = NavigationSegue/Info.plist;
				LD_RUNPATH_SEARCH_PATHS = "$(inherited) @executable_path/Frameworks";
				PRODUCT_BUNDLE_IDENTIFIER = oliviertests.NavigationSegue;
				PRODUCT_NAME = "$(TARGET_NAME)";
				SWIFT_VERSION = 4.0;
				TARGETED_DEVICE_FAMILY = "1,2";
			};
			name = Release;
		};
		09A090DB1F68750C003D61DF /* Debug */ = {
			isa = XCBuildConfiguration;
			buildSettings = {
				ALWAYS_EMBED_SWIFT_STANDARD_LIBRARIES = YES;
				BUNDLE_LOADER = "$(TEST_HOST)";
				CODE_SIGN_STYLE = Automatic;
				DEVELOPMENT_TEAM = CNHB9B5GX6;
				INFOPLIST_FILE = NavigationSegueTests/Info.plist;
				LD_RUNPATH_SEARCH_PATHS = "$(inherited) @executable_path/Frameworks @loader_path/Frameworks";
				PRODUCT_BUNDLE_IDENTIFIER = oliviertests.NavigationSegueTests;
				PRODUCT_NAME = "$(TARGET_NAME)";
				SWIFT_VERSION = 4.0;
				TARGETED_DEVICE_FAMILY = "1,2";
				TEST_HOST = "$(BUILT_PRODUCTS_DIR)/NavigationSegue.app/NavigationSegue";
			};
			name = Debug;
		};
		09A090DC1F68750C003D61DF /* Release */ = {
			isa = XCBuildConfiguration;
			buildSettings = {
				ALWAYS_EMBED_SWIFT_STANDARD_LIBRARIES = YES;
				BUNDLE_LOADER = "$(TEST_HOST)";
				CODE_SIGN_STYLE = Automatic;
				DEVELOPMENT_TEAM = CNHB9B5GX6;
				INFOPLIST_FILE = NavigationSegueTests/Info.plist;
				LD_RUNPATH_SEARCH_PATHS = "$(inherited) @executable_path/Frameworks @loader_path/Frameworks";
				PRODUCT_BUNDLE_IDENTIFIER = oliviertests.NavigationSegueTests;
				PRODUCT_NAME = "$(TARGET_NAME)";
				SWIFT_VERSION = 4.0;
				TARGETED_DEVICE_FAMILY = "1,2";
				TEST_HOST = "$(BUILT_PRODUCTS_DIR)/NavigationSegue.app/NavigationSegue";
			};
			name = Release;
		};
		09A090DE1F68750C003D61DF /* Debug */ = {
			isa = XCBuildConfiguration;
			buildSettings = {
				ALWAYS_EMBED_SWIFT_STANDARD_LIBRARIES = YES;
				CODE_SIGN_STYLE = Automatic;
				DEVELOPMENT_TEAM = CNHB9B5GX6;
				INFOPLIST_FILE = NavigationSegueUITests/Info.plist;
				LD_RUNPATH_SEARCH_PATHS = "$(inherited) @executable_path/Frameworks @loader_path/Frameworks";
				PRODUCT_BUNDLE_IDENTIFIER = oliviertests.NavigationSegueUITests;
				PRODUCT_NAME = "$(TARGET_NAME)";
				SWIFT_VERSION = 4.0;
				TARGETED_DEVICE_FAMILY = "1,2";
				TEST_TARGET_NAME = NavigationSegue;
			};
			name = Debug;
		};
		09A090DF1F68750C003D61DF /* Release */ = {
			isa = XCBuildConfiguration;
			buildSettings = {
				ALWAYS_EMBED_SWIFT_STANDARD_LIBRARIES = YES;
				CODE_SIGN_STYLE = Automatic;
				DEVELOPMENT_TEAM = CNHB9B5GX6;
				INFOPLIST_FILE = NavigationSegueUITests/Info.plist;
				LD_RUNPATH_SEARCH_PATHS = "$(inherited) @executable_path/Frameworks @loader_path/Frameworks";
				PRODUCT_BUNDLE_IDENTIFIER = oliviertests.NavigationSegueUITests;
				PRODUCT_NAME = "$(TARGET_NAME)";
				SWIFT_VERSION = 4.0;
				TARGETED_DEVICE_FAMILY = "1,2";
				TEST_TARGET_NAME = NavigationSegue;
			};
			name = Release;
		};
/* End XCBuildConfiguration section */

/* Begin XCConfigurationList section */
		09A090AA1F68750C003D61DF /* Build configuration list for PBXProject "NavigationSegue" */ = {
			isa = XCConfigurationList;
			buildConfigurations = (
				09A090D51F68750C003D61DF /* Debug */,
				09A090D61F68750C003D61DF /* Release */,
			);
			defaultConfigurationIsVisible = 0;
			defaultConfigurationName = Release;
		};
		09A090D71F68750C003D61DF /* Build configuration list for PBXNativeTarget "NavigationSegue" */ = {
			isa = XCConfigurationList;
			buildConfigurations = (
				09A090D81F68750C003D61DF /* Debug */,
				09A090D91F68750C003D61DF /* Release */,
			);
			defaultConfigurationIsVisible = 0;
			defaultConfigurationName = Release;
		};
		09A090DA1F68750C003D61DF /* Build configuration list for PBXNativeTarget "NavigationSegueTests" */ = {
			isa = XCConfigurationList;
			buildConfigurations = (
				09A090DB1F68750C003D61DF /* Debug */,
				09A090DC1F68750C003D61DF /* Release */,
			);
			defaultConfigurationIsVisible = 0;
			defaultConfigurationName = Release;
		};
		09A090DD1F68750C003D61DF /* Build configuration list for PBXNativeTarget "NavigationSegueUITests" */ = {
			isa = XCConfigurationList;
			buildConfigurations = (
				09A090DE1F68750C003D61DF /* Debug */,
				09A090DF1F68750C003D61DF /* Release */,
			);
			defaultConfigurationIsVisible = 0;
			defaultConfigurationName = Release;
		};
/* End XCConfigurationList section */
	};
	rootObject = 09A090A71F68750C003D61DF /* Project object */;
}
